// !$*UTF8*$!
{
	archiveVersion = 1;
	classes = {
	};
	objectVersion = 55;
	objects = {

/* Begin PBXBuildFile section */
		EEA17C3328D0C5C000EA4D86 /* AppDelegate.swift in Sources */ = {isa = PBXBuildFile; fileRef = EEA17C3228D0C5C000EA4D86 /* AppDelegate.swift */; };
		EEA17C3C28D0C5C200EA4D86 /* Assets.xcassets in Resources */ = {isa = PBXBuildFile; fileRef = EEA17C3B28D0C5C200EA4D86 /* Assets.xcassets */; };
		EEA17C3F28D0C5C200EA4D86 /* LaunchScreen.storyboard in Resources */ = {isa = PBXBuildFile; fileRef = EEA17C3D28D0C5C200EA4D86 /* LaunchScreen.storyboard */; };
		EEA17C4B28D0C66000EA4D86 /* MockView.swift in Sources */ = {isa = PBXBuildFile; fileRef = EEA17C4A28D0C66000EA4D86 /* MockView.swift */; };
		EEA17C4D28D0C66900EA4D86 /* MockView.xib in Resources */ = {isa = PBXBuildFile; fileRef = EEA17C4C28D0C66900EA4D86 /* MockView.xib */; };
		EEA17C5228D0C8AE00EA4D86 /* ExampleStackViewController.swift in Sources */ = {isa = PBXBuildFile; fileRef = EEA17C5028D0C8AE00EA4D86 /* ExampleStackViewController.swift */; };
		EEA17C5328D0C8AE00EA4D86 /* ExampleStackViewController.xib in Resources */ = {isa = PBXBuildFile; fileRef = EEA17C5128D0C8AE00EA4D86 /* ExampleStackViewController.xib */; };
		EEA17C5528D0C8FB00EA4D86 /* UIViewControllerExtension.swift in Sources */ = {isa = PBXBuildFile; fileRef = EEA17C5428D0C8FB00EA4D86 /* UIViewControllerExtension.swift */; };
		EEA17C5728D0CC0500EA4D86 /* UIStackViewExtension.swift in Sources */ = {isa = PBXBuildFile; fileRef = EEA17C5628D0CC0500EA4D86 /* UIStackViewExtension.swift */; };
/* End PBXBuildFile section */

/* Begin PBXFileReference section */
		EEA17C2F28D0C5C000EA4D86 /* ExampleStackView.app */ = {isa = PBXFileReference; explicitFileType = wrapper.application; includeInIndex = 0; path = ExampleStackView.app; sourceTree = BUILT_PRODUCTS_DIR; };
		EEA17C3228D0C5C000EA4D86 /* AppDelegate.swift */ = {isa = PBXFileReference; lastKnownFileType = sourcecode.swift; path = AppDelegate.swift; sourceTree = "<group>"; };
		EEA17C3B28D0C5C200EA4D86 /* Assets.xcassets */ = {isa = PBXFileReference; lastKnownFileType = folder.assetcatalog; path = Assets.xcassets; sourceTree = "<group>"; };
		EEA17C3E28D0C5C200EA4D86 /* Base */ = {isa = PBXFileReference; lastKnownFileType = file.storyboard; name = Base; path = Base.lproj/LaunchScreen.storyboard; sourceTree = "<group>"; };
		EEA17C4028D0C5C200EA4D86 /* Info.plist */ = {isa = PBXFileReference; lastKnownFileType = text.plist.xml; path = Info.plist; sourceTree = "<group>"; };
		EEA17C4A28D0C66000EA4D86 /* MockView.swift */ = {isa = PBXFileReference; lastKnownFileType = sourcecode.swift; path = MockView.swift; sourceTree = "<group>"; };
		EEA17C4C28D0C66900EA4D86 /* MockView.xib */ = {isa = PBXFileReference; lastKnownFileType = file.xib; path = MockView.xib; sourceTree = "<group>"; };
		EEA17C5028D0C8AE00EA4D86 /* ExampleStackViewController.swift */ = {isa = PBXFileReference; fileEncoding = 4; lastKnownFileType = sourcecode.swift; path = ExampleStackViewController.swift; sourceTree = "<group>"; };
		EEA17C5128D0C8AE00EA4D86 /* ExampleStackViewController.xib */ = {isa = PBXFileReference; fileEncoding = 4; lastKnownFileType = file.xib; path = ExampleStackViewController.xib; sourceTree = "<group>"; };
		EEA17C5428D0C8FB00EA4D86 /* UIViewControllerExtension.swift */ = {isa = PBXFileReference; lastKnownFileType = sourcecode.swift; path = UIViewControllerExtension.swift; sourceTree = "<group>"; };
		EEA17C5628D0CC0500EA4D86 /* UIStackViewExtension.swift */ = {isa = PBXFileReference; lastKnownFileType = sourcecode.swift; path = UIStackViewExtension.swift; sourceTree = "<group>"; };
/* End PBXFileReference section */

/* Begin PBXFrameworksBuildPhase section */
		EEA17C2C28D0C5C000EA4D86 /* Frameworks */ = {
			isa = PBXFrameworksBuildPhase;
			buildActionMask = 2147483647;
			files = (
			);
			runOnlyForDeploymentPostprocessing = 0;
		};
/* End PBXFrameworksBuildPhase section */

/* Begin PBXGroup section */
		EEA17C2628D0C5C000EA4D86 = {
			isa = PBXGroup;
			children = (
				EEA17C3128D0C5C000EA4D86 /* ExampleStackView */,
				EEA17C3028D0C5C000EA4D86 /* Products */,
			);
			sourceTree = "<group>";
		};
		EEA17C3028D0C5C000EA4D86 /* Products */ = {
			isa = PBXGroup;
			children = (
				EEA17C2F28D0C5C000EA4D86 /* ExampleStackView.app */,
			);
			name = Products;
			sourceTree = "<group>";
		};
		EEA17C3128D0C5C000EA4D86 /* ExampleStackView */ = {
			isa = PBXGroup;
			children = (
				EEA17C4F28D0C69C00EA4D86 /* ExampleStackViewContoller */,
				EEA17C4E28D0C69300EA4D86 /* MockView */,
				EEA17C3228D0C5C000EA4D86 /* AppDelegate.swift */,
				EEA17C3B28D0C5C200EA4D86 /* Assets.xcassets */,
				EEA17C3D28D0C5C200EA4D86 /* LaunchScreen.storyboard */,
				EEA17C4028D0C5C200EA4D86 /* Info.plist */,
				EEA17C5428D0C8FB00EA4D86 /* UIViewControllerExtension.swift */,
				EEA17C5628D0CC0500EA4D86 /* UIStackViewExtension.swift */,
			);
			path = ExampleStackView;
			sourceTree = "<group>";
		};
		EEA17C4E28D0C69300EA4D86 /* MockView */ = {
			isa = PBXGroup;
			children = (
				EEA17C4A28D0C66000EA4D86 /* MockView.swift */,
				EEA17C4C28D0C66900EA4D86 /* MockView.xib */,
			);
			path = MockView;
			sourceTree = "<group>";
		};
		EEA17C4F28D0C69C00EA4D86 /* ExampleStackViewContoller */ = {
			isa = PBXGroup;
			children = (
				EEA17C5028D0C8AE00EA4D86 /* ExampleStackViewController.swift */,
				EEA17C5128D0C8AE00EA4D86 /* ExampleStackViewController.xib */,
			);
			path = ExampleStackViewContoller;
			sourceTree = "<group>";
		};
/* End PBXGroup section */

/* Begin PBXNativeTarget section */
		EEA17C2E28D0C5C000EA4D86 /* ExampleStackView */ = {
			isa = PBXNativeTarget;
			buildConfigurationList = EEA17C4328D0C5C200EA4D86 /* Build configuration list for PBXNativeTarget "ExampleStackView" */;
			buildPhases = (
				EEA17C2B28D0C5C000EA4D86 /* Sources */,
				EEA17C2C28D0C5C000EA4D86 /* Frameworks */,
				EEA17C2D28D0C5C000EA4D86 /* Resources */,
			);
			buildRules = (
			);
			dependencies = (
			);
			name = ExampleStackView;
			productName = ExampleStackView;
			productReference = EEA17C2F28D0C5C000EA4D86 /* ExampleStackView.app */;
			productType = "com.apple.product-type.application";
		};
/* End PBXNativeTarget section */

/* Begin PBXProject section */
		EEA17C2728D0C5C000EA4D86 /* Project object */ = {
			isa = PBXProject;
			attributes = {
				BuildIndependentTargetsInParallel = 1;
				LastSwiftUpdateCheck = 1340;
				LastUpgradeCheck = 1340;
				TargetAttributes = {
					EEA17C2E28D0C5C000EA4D86 = {
						CreatedOnToolsVersion = 13.4.1;
					};
				};
			};
			buildConfigurationList = EEA17C2A28D0C5C000EA4D86 /* Build configuration list for PBXProject "ExampleStackView" */;
			compatibilityVersion = "Xcode 13.0";
			developmentRegion = en;
			hasScannedForEncodings = 0;
			knownRegions = (
				en,
				Base,
			);
			mainGroup = EEA17C2628D0C5C000EA4D86;
			productRefGroup = EEA17C3028D0C5C000EA4D86 /* Products */;
			projectDirPath = "";
			projectRoot = "";
			targets = (
				EEA17C2E28D0C5C000EA4D86 /* ExampleStackView */,
			);
		};
/* End PBXProject section */

/* Begin PBXResourcesBuildPhase section */
		EEA17C2D28D0C5C000EA4D86 /* Resources */ = {
			isa = PBXResourcesBuildPhase;
			buildActionMask = 2147483647;
			files = (
				EEA17C5328D0C8AE00EA4D86 /* ExampleStackViewController.xib in Resources */,
				EEA17C3F28D0C5C200EA4D86 /* LaunchScreen.storyboard in Resources */,
				EEA17C4D28D0C66900EA4D86 /* MockView.xib in Resources */,
				EEA17C3C28D0C5C200EA4D86 /* Assets.xcassets in Resources */,
			);
			runOnlyForDeploymentPostprocessing = 0;
		};
/* End PBXResourcesBuildPhase section */

/* Begin PBXSourcesBuildPhase section */
		EEA17C2B28D0C5C000EA4D86 /* Sources */ = {
			isa = PBXSourcesBuildPhase;
			buildActionMask = 2147483647;
			files = (
				EEA17C5228D0C8AE00EA4D86 /* ExampleStackViewController.swift in Sources */,
				EEA17C5528D0C8FB00EA4D86 /* UIViewControllerExtension.swift in Sources */,
				EEA17C3328D0C5C000EA4D86 /* AppDelegate.swift in Sources */,
				EEA17C5728D0CC0500EA4D86 /* UIStackViewExtension.swift in Sources */,
				EEA17C4B28D0C66000EA4D86 /* MockView.swift in Sources */,
			);
			runOnlyForDeploymentPostprocessing = 0;
		};
/* End PBXSourcesBuildPhase section */

/* Begin PBXVariantGroup section */
		EEA17C3D28D0C5C200EA4D86 /* LaunchScreen.storyboard */ = {
			isa = PBXVariantGroup;
			children = (
				EEA17C3E28D0C5C200EA4D86 /* Base */,
			);
			name = LaunchScreen.storyboard;
			sourceTree = "<group>";
		};
/* End PBXVariantGroup section */

/* Begin XCBuildConfiguration section */
		EEA17C4128D0C5C200EA4D86 /* Debug */ = {
			isa = XCBuildConfiguration;
			buildSettings = {
				ALWAYS_SEARCH_USER_PATHS = NO;
				CLANG_ANALYZER_NONNULL = YES;
				CLANG_ANALYZER_NUMBER_OBJECT_CONVERSION = YES_AGGRESSIVE;
				CLANG_CXX_LANGUAGE_STANDARD = "gnu++17";
				CLANG_ENABLE_MODULES = YES;
				CLANG_ENABLE_OBJC_ARC = YES;
				CLANG_ENABLE_OBJC_WEAK = YES;
				CLANG_WARN_BLOCK_CAPTURE_AUTORELEASING = YES;
				CLANG_WARN_BOOL_CONVERSION = YES;
				CLANG_WARN_COMMA = YES;
				CLANG_WARN_CONSTANT_CONVERSION = YES;
				CLANG_WARN_DEPRECATED_OBJC_IMPLEMENTATIONS = YES;
				CLANG_WARN_DIRECT_OBJC_ISA_USAGE = YES_ERROR;
				CLANG_WARN_DOCUMENTATION_COMMENTS = YES;
				CLANG_WARN_EMPTY_BODY = YES;
				CLANG_WARN_ENUM_CONVERSION = YES;
				CLANG_WARN_INFINITE_RECURSION = YES;
				CLANG_WARN_INT_CONVERSION = YES;
				CLANG_WARN_NON_LITERAL_NULL_CONVERSION = YES;
				CLANG_WARN_OBJC_IMPLICIT_RETAIN_SELF = YES;
				CLANG_WARN_OBJC_LITERAL_CONVERSION = YES;
				CLANG_WARN_OBJC_ROOT_CLASS = YES_ERROR;
				CLANG_WARN_QUOTED_INCLUDE_IN_FRAMEWORK_HEADER = YES;
				CLANG_WARN_RANGE_LOOP_ANALYSIS = YES;
				CLANG_WARN_STRICT_PROTOTYPES = YES;
				CLANG_WARN_SUSPICIOUS_MOVE = YES;
				CLANG_WARN_UNGUARDED_AVAILABILITY = YES_AGGRESSIVE;
				CLANG_WARN_UNREACHABLE_CODE = YES;
				CLANG_WARN__DUPLICATE_METHOD_MATCH = YES;
				COPY_PHASE_STRIP = NO;
				DEBUG_INFORMATION_FORMAT = dwarf;
				ENABLE_STRICT_OBJC_MSGSEND = YES;
				ENABLE_TESTABILITY = YES;
				GCC_C_LANGUAGE_STANDARD = gnu11;
				GCC_DYNAMIC_NO_PIC = NO;
				GCC_NO_COMMON_BLOCKS = YES;
				GCC_OPTIMIZATION_LEVEL = 0;
				GCC_PREPROCESSOR_DEFINITIONS = (
					"DEBUG=1",
					"$(inherited)",
				);
				GCC_WARN_64_TO_32_BIT_CONVERSION = YES;
				GCC_WARN_ABOUT_RETURN_TYPE = YES_ERROR;
				GCC_WARN_UNDECLARED_SELECTOR = YES;
				GCC_WARN_UNINITIALIZED_AUTOS = YES_AGGRESSIVE;
				GCC_WARN_UNUSED_FUNCTION = YES;
				GCC_WARN_UNUSED_VARIABLE = YES;
				IPHONEOS_DEPLOYMENT_TARGET = 15.5;
				MTL_ENABLE_DEBUG_INFO = INCLUDE_SOURCE;
				MTL_FAST_MATH = YES;
				ONLY_ACTIVE_ARCH = YES;
				SDKROOT = iphoneos;
				SWIFT_ACTIVE_COMPILATION_CONDITIONS = DEBUG;
				SWIFT_OPTIMIZATION_LEVEL = "-Onone";
			};
			name = Debug;
		};
		EEA17C4228D0C5C200EA4D86 /* Release */ = {
			isa = XCBuildConfiguration;
			buildSettings = {
				ALWAYS_SEARCH_USER_PATHS = NO;
				CLANG_ANALYZER_NONNULL = YES;
				CLANG_ANALYZER_NUMBER_OBJECT_CONVERSION = YES_AGGRESSIVE;
				CLANG_CXX_LANGUAGE_STANDARD = "gnu++17";
				CLANG_ENABLE_MODULES = YES;
				CLANG_ENABLE_OBJC_ARC = YES;
				CLANG_ENABLE_OBJC_WEAK = YES;
				CLANG_WARN_BLOCK_CAPTURE_AUTORELEASING = YES;
				CLANG_WARN_BOOL_CONVERSION = YES;
				CLANG_WARN_COMMA = YES;
				CLANG_WARN_CONSTANT_CONVERSION = YES;
				CLANG_WARN_DEPRECATED_OBJC_IMPLEMENTATIONS = YES;
				CLANG_WARN_DIRECT_OBJC_ISA_USAGE = YES_ERROR;
				CLANG_WARN_DOCUMENTATION_COMMENTS = YES;
				CLANG_WARN_EMPTY_BODY = YES;
				CLANG_WARN_ENUM_CONVERSION = YES;
				CLANG_WARN_INFINITE_RECURSION = YES;
				CLANG_WARN_INT_CONVERSION = YES;
				CLANG_WARN_NON_LITERAL_NULL_CONVERSION = YES;
				CLANG_WARN_OBJC_IMPLICIT_RETAIN_SELF = YES;
				CLANG_WARN_OBJC_LITERAL_CONVERSION = YES;
				CLANG_WARN_OBJC_ROOT_CLASS = YES_ERROR;
				CLANG_WARN_QUOTED_INCLUDE_IN_FRAMEWORK_HEADER = YES;
				CLANG_WARN_RANGE_LOOP_ANALYSIS = YES;
				CLANG_WARN_STRICT_PROTOTYPES = YES;
				CLANG_WARN_SUSPICIOUS_MOVE = YES;
				CLANG_WARN_UNGUARDED_AVAILABILITY = YES_AGGRESSIVE;
				CLANG_WARN_UNREACHABLE_CODE = YES;
				CLANG_WARN__DUPLICATE_METHOD_MATCH = YES;
				COPY_PHASE_STRIP = NO;
				DEBUG_INFORMATION_FORMAT = "dwarf-with-dsym";
				ENABLE_NS_ASSERTIONS = NO;
				ENABLE_STRICT_OBJC_MSGSEND = YES;
				GCC_C_LANGUAGE_STANDARD = gnu11;
				GCC_NO_COMMON_BLOCKS = YES;
				GCC_WARN_64_TO_32_BIT_CONVERSION = YES;
				GCC_WARN_ABOUT_RETURN_TYPE = YES_ERROR;
				GCC_WARN_UNDECLARED_SELECTOR = YES;
				GCC_WARN_UNINITIALIZED_AUTOS = YES_AGGRESSIVE;
				GCC_WARN_UNUSED_FUNCTION = YES;
				GCC_WARN_UNUSED_VARIABLE = YES;
				IPHONEOS_DEPLOYMENT_TARGET = 15.5;
				MTL_ENABLE_DEBUG_INFO = NO;
				MTL_FAST_MATH = YES;
				SDKROOT = iphoneos;
				SWIFT_COMPILATION_MODE = wholemodule;
				SWIFT_OPTIMIZATION_LEVEL = "-O";
				VALIDATE_PRODUCT = YES;
			};
			name = Release;
		};
		EEA17C4428D0C5C200EA4D86 /* Debug */ = {
			isa = XCBuildConfiguration;
			buildSettings = {
				ASSETCATALOG_COMPILER_APPICON_NAME = AppIcon;
				ASSETCATALOG_COMPILER_GLOBAL_ACCENT_COLOR_NAME = AccentColor;
				CODE_SIGN_STYLE = Automatic;
				CURRENT_PROJECT_VERSION = 1;
				DEVELOPMENT_TEAM = 28T45Z4B66;
				GENERATE_INFOPLIST_FILE = YES;
				INFOPLIST_FILE = ExampleStackView/Info.plist;
				INFOPLIST_KEY_UIApplicationSupportsIndirectInputEvents = YES;
				INFOPLIST_KEY_UISupportedInterfaceOrientations_iPad = "UIInterfaceOrientationPortrait UIInterfaceOrientationPortraitUpsideDown UIInterfaceOrientationLandscapeLeft UIInterfaceOrientationLandscapeRight";
				INFOPLIST_KEY_UISupportedInterfaceOrientations_iPhone = "UIInterfaceOrientationPortrait UIInterfaceOrientationLandscapeLeft UIInterfaceOrientationLandscapeRight";
				LD_RUNPATH_SEARCH_PATHS = (
					"$(inherited)",
					"@executable_path/Frameworks",
				);
				MARKETING_VERSION = 1.0;
				PRODUCT_BUNDLE_IDENTIFIER = com.example.ExampleStackView;
				PRODUCT_NAME = "$(TARGET_NAME)";
				SWIFT_EMIT_LOC_STRINGS = YES;
				SWIFT_VERSION = 5.0;
				TARGETED_DEVICE_FAMILY = "1,2";
			};
			name = Debug;
		};
		EEA17C4528D0C5C200EA4D86 /* Release */ = {
			isa = XCBuildConfiguration;
			buildSettings = {
				ASSETCATALOG_COMPILER_APPICON_NAME = AppIcon;
				ASSETCATALOG_COMPILER_GLOBAL_ACCENT_COLOR_NAME = AccentColor;
				CODE_SIGN_STYLE = Automatic;
				CURRENT_PROJECT_VERSION = 1;
				DEVELOPMENT_TEAM = 28T45Z4B66;
				GENERATE_INFOPLIST_FILE = YES;
				INFOPLIST_FILE = ExampleStackView/Info.plist;
				INFOPLIST_KEY_UIApplicationSupportsIndirectInputEvents = YES;
				INFOPLIST_KEY_UISupportedInterfaceOrientations_iPad = "UIInterfaceOrientationPortrait UIInterfaceOrientationPortraitUpsideDown UIInterfaceOrientationLandscapeLeft UIInterfaceOrientationLandscapeRight";
				INFOPLIST_KEY_UISupportedInterfaceOrientations_iPhone = "UIInterfaceOrientationPortrait UIInterfaceOrientationLandscapeLeft UIInterfaceOrientationLandscapeRight";
				LD_RUNPATH_SEARCH_PATHS = (
					"$(inherited)",
					"@executable_path/Frameworks",
				);
				MARKETING_VERSION = 1.0;
				PRODUCT_BUNDLE_IDENTIFIER = com.example.ExampleStackView;
				PRODUCT_NAME = "$(TARGET_NAME)";
				SWIFT_EMIT_LOC_STRINGS = YES;
				SWIFT_VERSION = 5.0;
				TARGETED_DEVICE_FAMILY = "1,2";
			};
			name = Release;
		};
/* End XCBuildConfiguration section */

/* Begin XCConfigurationList section */
		EEA17C2A28D0C5C000EA4D86 /* Build configuration list for PBXProject "ExampleStackView" */ = {
			isa = XCConfigurationList;
			buildConfigurations = (
				EEA17C4128D0C5C200EA4D86 /* Debug */,
				EEA17C4228D0C5C200EA4D86 /* Release */,
			);
			defaultConfigurationIsVisible = 0;
			defaultConfigurationName = Release;
		};
		EEA17C4328D0C5C200EA4D86 /* Build configuration list for PBXNativeTarget "ExampleStackView" */ = {
			isa = XCConfigurationList;
			buildConfigurations = (
				EEA17C4428D0C5C200EA4D86 /* Debug */,
				EEA17C4528D0C5C200EA4D86 /* Release */,
			);
			defaultConfigurationIsVisible = 0;
			defaultConfigurationName = Release;
		};
/* End XCConfigurationList section */
	};
	rootObject = EEA17C2728D0C5C000EA4D86 /* Project object */;
}
